# THIS IS AN AUTOGENERATED FILE. DO NOT EDIT THIS FILE DIRECTLY.
# yarn lockfile v1


"@tanstack/query-core@5.66.0":
  version "5.66.0"
  resolved "https://registry.yarnpkg.com/@tanstack/query-core/-/query-core-5.66.0.tgz#163f670b3b4e3b3cdbff6698ad44b2edfcaed185"
  integrity sha512-J+JeBtthiKxrpzUu7rfIPDzhscXF2p5zE/hVdrqkACBP8Yu0M96mwJ5m/8cPPYQE9aRNvXztXHlNwIh4FEeMZw==

"@tanstack/react-query@^5.66.0":
  version "5.66.0"
  resolved "https://registry.yarnpkg.com/@tanstack/react-query/-/react-query-5.66.0.tgz#9f7aa1b3e844ea6a0ad2ee61fccaed76e614b865"
  integrity sha512-z3sYixFQJe8hndFnXgWu7C79ctL+pI0KAelYyW+khaNJ1m22lWrhJU2QrsTcRKMuVPtoZvfBYrTStIdKo+x0Xw==
  dependencies:
    "@tanstack/query-core" "5.66.0"
